{
  "lockfileVersion": 1,
  "workspaces": {
    "": {
      "name": "@penny/shared-validation",
      "dependencies": {
        "tslib": "^2.3.0",
        "zod": "^4.0.10",
      },
    },
  },
  "packages": {
    "tslib": ["tslib@2.8.1", "", {}, "sha512-oJFu94HQb+KVduSUQL7wnpmqnfmLsOA/nAh6b6EH0wCEoK0/mPeXU6c3wKDV83MkOuHPRHtSXKKU99IBazS/2w=="],

    "zod": ["zod@4.0.10", "", {}, "sha512-3vB+UU3/VmLL2lvwcY/4RV2i9z/YU0DTV/tDuYjrwmx5WeJ7hwy+rGEEx8glHp6Yxw7ibRbKSaIFBgReRPe5KA=="],
  }
}
